// !$*UTF8*$!
{
	archiveVersion = 1;
	classes = {
	};
	objectVersion = 70;
	objects = {

/* Begin PBXContainerItemProxy section */
		2EAE2C702B9DEAA200E04B01 /* PBXContainerItemProxy */ = {
			isa = PBXContainerItemProxy;
			containerPortal = 2EAE2C562B9DEAA000E04B01 /* Project object */;
			proxyType = 1;
			remoteGlobalIDString = 2EAE2C5D2B9DEAA000E04B01;
			remoteInfo = RoutersDemo;
		};
		2EAE2C7A2B9DEAA200E04B01 /* PBXContainerItemProxy */ = {
			isa = PBXContainerItemProxy;
			containerPortal = 2EAE2C562B9DEAA000E04B01 /* Project object */;
			proxyType = 1;
			remoteGlobalIDString = 2EAE2C5D2B9DEAA000E04B01;
			remoteInfo = RoutersDemo;
		};
/* End PBXContainerItemProxy section */

/* Begin PBXFileReference section */
		2EAE2C5E2B9DEAA000E04B01 /* RoutersDemo.app */ = {isa = PBXFileReference; explicitFileType = wrapper.application; includeInIndex = 0; path = RoutersDemo.app; sourceTree = BUILT_PRODUCTS_DIR; };
		2EAE2C6F2B9DEAA200E04B01 /* RoutersDemoTests.xctest */ = {isa = PBXFileReference; explicitFileType = wrapper.cfbundle; includeInIndex = 0; path = RoutersDemoTests.xctest; sourceTree = BUILT_PRODUCTS_DIR; };
		2EAE2C792B9DEAA200E04B01 /* RoutersDemoUITests.xctest */ = {isa = PBXFileReference; explicitFileType = wrapper.cfbundle; includeInIndex = 0; path = RoutersDemoUITests.xctest; sourceTree = BUILT_PRODUCTS_DIR; };
/* End PBXFileReference section */

/* Begin PBXFileSystemSynchronizedBuildFileExceptionSet section */
		7780A99D2D4A3A7C000C39B8 /* PBXFileSystemSynchronizedBuildFileExceptionSet */ = {
			isa = PBXFileSystemSynchronizedBuildFileExceptionSet;
			membershipExceptions = (
				Assets.xcassets,
				DeeplinkManager/DeeplinkManager.swift,
				"Extensions/CGFloat+Extensions.swift",
				"Extensions/CodingUserInfoKey+Extensions.swift",
				"Extensions/Color+Extensions.swift",
				"Extensions/EnvironmentValues+Extensions.swift",
				"Extensions/Font+Extensions.swift",
				"Extensions/View+Extensions.swift",
				"Preview Content/Preview Assets.xcassets",
				Routers/BaseRouter.swift,
				Routers/RouterDestination.swift,
				Routers/RouterDestinationDecoder.swift,
				Routers/RouterLogger.swift,
				Routers/TabsSheet.swift,
				RoutersDemoApp.swift,
				Views/RootView/Onbording/OnboardningView.swift,
				Views/RootView/RootRouter.swift,
				Views/RootView/RootView.swift,
				Views/RootView/Splash/SplashRouter.swift,
				Views/RootView/Splash/SplashView.swift,
				Views/RootView/Tabs/TabA/Router/TabARouter.swift,
				Views/RootView/Tabs/TabA/TabA.swift,
				Views/RootView/Tabs/TabA/Views/ViewOne.swift,
				Views/RootView/Tabs/TabA/Views/ViewTwo.swift,
				Views/RootView/Tabs/TabB/Router/TabBRouter.swift,
				Views/RootView/Tabs/TabB/TabB.swift,
				Views/RootView/Tabs/TabB/Views/TransportationView.swift,
				Views/RootView/Tabs/TabC/Router/InboxNavigationProtocol.swift,
				Views/RootView/Tabs/TabC/Router/TabCRouter.swift,
				Views/RootView/Tabs/TabC/TabC.swift,
				Views/RootView/Tabs/TabC/Views/ChatView.swift,
				Views/RootView/Tabs/TabC/Views/InboxView.swift,
				Views/RootView/Tabs/TabD/Router/TabDRouter.swift,
				Views/RootView/Tabs/TabD/TabD.swift,
				Views/RootView/Tabs/TabsRouter.swift,
				Views/RootView/Tabs/TabsView.swift,
			);
			target = 2EAE2C5D2B9DEAA000E04B01 /* RoutersDemo */;
		};
/* End PBXFileSystemSynchronizedBuildFileExceptionSet section */

/* Begin PBXFileSystemSynchronizedRootGroup section */
		7780A97A2D4A3A7C000C39B8 /* RoutersDemo */ = {isa = PBXFileSystemSynchronizedRootGroup; exceptions = (7780A99D2D4A3A7C000C39B8 /* PBXFileSystemSynchronizedBuildFileExceptionSet */, ); explicitFileTypes = {}; explicitFolders = (); path = RoutersDemo; sourceTree = "<group>"; };
		7780A99F2D4A3A85000C39B8 /* RoutersDemoTests */ = {isa = PBXFileSystemSynchronizedRootGroup; explicitFileTypes = {}; explicitFolders = (); path = RoutersDemoTests; sourceTree = "<group>"; };
		7780A9A32D4A3A89000C39B8 /* RoutersDemoUITests */ = {isa = PBXFileSystemSynchronizedRootGroup; explicitFileTypes = {}; explicitFolders = (); path = RoutersDemoUITests; sourceTree = "<group>"; };
/* End PBXFileSystemSynchronizedRootGroup section */

/* Begin PBXFrameworksBuildPhase section */
		2EAE2C5B2B9DEAA000E04B01 /* Frameworks */ = {
			isa = PBXFrameworksBuildPhase;
			buildActionMask = 2147483647;
			files = (
			);
			runOnlyForDeploymentPostprocessing = 0;
		};
		2EAE2C6C2B9DEAA200E04B01 /* Frameworks */ = {
			isa = PBXFrameworksBuildPhase;
			buildActionMask = 2147483647;
			files = (
			);
			runOnlyForDeploymentPostprocessing = 0;
		};
		2EAE2C762B9DEAA200E04B01 /* Frameworks */ = {
			isa = PBXFrameworksBuildPhase;
			buildActionMask = 2147483647;
			files = (
			);
			runOnlyForDeploymentPostprocessing = 0;
		};
/* End PBXFrameworksBuildPhase section */

/* Begin PBXGroup section */
		2EAE2C552B9DEAA000E04B01 = {
			isa = PBXGroup;
			children = (
				7780A97A2D4A3A7C000C39B8 /* RoutersDemo */,
				7780A99F2D4A3A85000C39B8 /* RoutersDemoTests */,
				7780A9A32D4A3A89000C39B8 /* RoutersDemoUITests */,
				2EAE2C5F2B9DEAA000E04B01 /* Products */,
			);
			sourceTree = "<group>";
		};
		2EAE2C5F2B9DEAA000E04B01 /* Products */ = {
			isa = PBXGroup;
			children = (
				2EAE2C5E2B9DEAA000E04B01 /* RoutersDemo.app */,
				2EAE2C6F2B9DEAA200E04B01 /* RoutersDemoTests.xctest */,
				2EAE2C792B9DEAA200E04B01 /* RoutersDemoUITests.xctest */,
			);
			name = Products;
			sourceTree = "<group>";
		};
/* End PBXGroup section */

/* Begin PBXNativeTarget section */
		2EAE2C5D2B9DEAA000E04B01 /* RoutersDemo */ = {
			isa = PBXNativeTarget;
			buildConfigurationList = 2EAE2C832B9DEAA200E04B01 /* Build configuration list for PBXNativeTarget "RoutersDemo" */;
			buildPhases = (
				2EAE2C5A2B9DEAA000E04B01 /* Sources */,
				2EAE2C5B2B9DEAA000E04B01 /* Frameworks */,
				2EAE2C5C2B9DEAA000E04B01 /* Resources */,
			);
			buildRules = (
			);
			dependencies = (
			);
			name = RoutersDemo;
			productName = RoutersDemo;
			productReference = 2EAE2C5E2B9DEAA000E04B01 /* RoutersDemo.app */;
			productType = "com.apple.product-type.application";
		};
		2EAE2C6E2B9DEAA200E04B01 /* RoutersDemoTests */ = {
			isa = PBXNativeTarget;
			buildConfigurationList = 2EAE2C862B9DEAA200E04B01 /* Build configuration list for PBXNativeTarget "RoutersDemoTests" */;
			buildPhases = (
				2EAE2C6B2B9DEAA200E04B01 /* Sources */,
				2EAE2C6C2B9DEAA200E04B01 /* Frameworks */,
				2EAE2C6D2B9DEAA200E04B01 /* Resources */,
			);
			buildRules = (
			);
			dependencies = (
				2EAE2C712B9DEAA200E04B01 /* PBXTargetDependency */,
			);
			fileSystemSynchronizedGroups = (
				7780A99F2D4A3A85000C39B8 /* RoutersDemoTests */,
			);
			name = RoutersDemoTests;
			productName = RoutersDemoTests;
			productReference = 2EAE2C6F2B9DEAA200E04B01 /* RoutersDemoTests.xctest */;
			productType = "com.apple.product-type.bundle.unit-test";
		};
		2EAE2C782B9DEAA200E04B01 /* RoutersDemoUITests */ = {
			isa = PBXNativeTarget;
			buildConfigurationList = 2EAE2C892B9DEAA200E04B01 /* Build configuration list for PBXNativeTarget "RoutersDemoUITests" */;
			buildPhases = (
				2EAE2C752B9DEAA200E04B01 /* Sources */,
				2EAE2C762B9DEAA200E04B01 /* Frameworks */,
				2EAE2C772B9DEAA200E04B01 /* Resources */,
			);
			buildRules = (
			);
			dependencies = (
				2EAE2C7B2B9DEAA200E04B01 /* PBXTargetDependency */,
			);
			fileSystemSynchronizedGroups = (
				7780A9A32D4A3A89000C39B8 /* RoutersDemoUITests */,
			);
			name = RoutersDemoUITests;
			productName = RoutersDemoUITests;
			productReference = 2EAE2C792B9DEAA200E04B01 /* RoutersDemoUITests.xctest */;
			productType = "com.apple.product-type.bundle.ui-testing";
		};
/* End PBXNativeTarget section */

/* Begin PBXProject section */
		2EAE2C562B9DEAA000E04B01 /* Project object */ = {
			isa = PBXProject;
			attributes = {
				BuildIndependentTargetsInParallel = 1;
				LastSwiftUpdateCheck = 1520;
				LastUpgradeCheck = 1620;
				TargetAttributes = {
					2EAE2C5D2B9DEAA000E04B01 = {
						CreatedOnToolsVersion = 15.2;
					};
					2EAE2C6E2B9DEAA200E04B01 = {
						CreatedOnToolsVersion = 15.2;
						TestTargetID = 2EAE2C5D2B9DEAA000E04B01;
					};
					2EAE2C782B9DEAA200E04B01 = {
						CreatedOnToolsVersion = 15.2;
						TestTargetID = 2EAE2C5D2B9DEAA000E04B01;
					};
				};
			};
			buildConfigurationList = 2EAE2C592B9DEAA000E04B01 /* Build configuration list for PBXProject "RoutersDemo" */;
			compatibilityVersion = "Xcode 14.0";
			developmentRegion = en;
			hasScannedForEncodings = 0;
			knownRegions = (
				en,
				Base,
			);
			mainGroup = 2EAE2C552B9DEAA000E04B01;
			productRefGroup = 2EAE2C5F2B9DEAA000E04B01 /* Products */;
			projectDirPath = "";
			projectRoot = "";
			targets = (
				2EAE2C5D2B9DEAA000E04B01 /* RoutersDemo */,
				2EAE2C6E2B9DEAA200E04B01 /* RoutersDemoTests */,
				2EAE2C782B9DEAA200E04B01 /* RoutersDemoUITests */,
			);
		};
/* End PBXProject section */

/* Begin PBXResourcesBuildPhase section */
		2EAE2C5C2B9DEAA000E04B01 /* Resources */ = {
			isa = PBXResourcesBuildPhase;
			buildActionMask = 2147483647;
			files = (
			);
			runOnlyForDeploymentPostprocessing = 0;
		};
		2EAE2C6D2B9DEAA200E04B01 /* Resources */ = {
			isa = PBXResourcesBuildPhase;
			buildActionMask = 2147483647;
			files = (
			);
			runOnlyForDeploymentPostprocessing = 0;
		};
		2EAE2C772B9DEAA200E04B01 /* Resources */ = {
			isa = PBXResourcesBuildPhase;
			buildActionMask = 2147483647;
			files = (
			);
			runOnlyForDeploymentPostprocessing = 0;
		};
/* End PBXResourcesBuildPhase section */

/* Begin PBXSourcesBuildPhase section */
		2EAE2C5A2B9DEAA000E04B01 /* Sources */ = {
			isa = PBXSourcesBuildPhase;
			buildActionMask = 2147483647;
			files = (
			);
			runOnlyForDeploymentPostprocessing = 0;
		};
		2EAE2C6B2B9DEAA200E04B01 /* Sources */ = {
			isa = PBXSourcesBuildPhase;
			buildActionMask = 2147483647;
			files = (
			);
			runOnlyForDeploymentPostprocessing = 0;
		};
		2EAE2C752B9DEAA200E04B01 /* Sources */ = {
			isa = PBXSourcesBuildPhase;
			buildActionMask = 2147483647;
			files = (
			);
			runOnlyForDeploymentPostprocessing = 0;
		};
/* End PBXSourcesBuildPhase section */

/* Begin PBXTargetDependency section */
		2EAE2C712B9DEAA200E04B01 /* PBXTargetDependency */ = {
			isa = PBXTargetDependency;
			target = 2EAE2C5D2B9DEAA000E04B01 /* RoutersDemo */;
			targetProxy = 2EAE2C702B9DEAA200E04B01 /* PBXContainerItemProxy */;
		};
		2EAE2C7B2B9DEAA200E04B01 /* PBXTargetDependency */ = {
			isa = PBXTargetDependency;
			target = 2EAE2C5D2B9DEAA000E04B01 /* RoutersDemo */;
			targetProxy = 2EAE2C7A2B9DEAA200E04B01 /* PBXContainerItemProxy */;
		};
/* End PBXTargetDependency section */

/* Begin XCBuildConfiguration section */
		2EAE2C812B9DEAA200E04B01 /* Debug */ = {
			isa = XCBuildConfiguration;
			buildSettings = {
				ALWAYS_SEARCH_USER_PATHS = NO;
				ASSETCATALOG_COMPILER_GENERATE_SWIFT_ASSET_SYMBOL_EXTENSIONS = YES;
				CLANG_ANALYZER_NONNULL = YES;
				CLANG_ANALYZER_NUMBER_OBJECT_CONVERSION = YES_AGGRESSIVE;
				CLANG_CXX_LANGUAGE_STANDARD = "gnu++20";
				CLANG_ENABLE_MODULES = YES;
				CLANG_ENABLE_OBJC_ARC = YES;
				CLANG_ENABLE_OBJC_WEAK = YES;
				CLANG_WARN_BLOCK_CAPTURE_AUTORELEASING = YES;
				CLANG_WARN_BOOL_CONVERSION = YES;
				CLANG_WARN_COMMA = YES;
				CLANG_WARN_CONSTANT_CONVERSION = YES;
				CLANG_WARN_DEPRECATED_OBJC_IMPLEMENTATIONS = YES;
				CLANG_WARN_DIRECT_OBJC_ISA_USAGE = YES_ERROR;
				CLANG_WARN_DOCUMENTATION_COMMENTS = YES;
				CLANG_WARN_EMPTY_BODY = YES;
				CLANG_WARN_ENUM_CONVERSION = YES;
				CLANG_WARN_INFINITE_RECURSION = YES;
				CLANG_WARN_INT_CONVERSION = YES;
				CLANG_WARN_NON_LITERAL_NULL_CONVERSION = YES;
				CLANG_WARN_OBJC_IMPLICIT_RETAIN_SELF = YES;
				CLANG_WARN_OBJC_LITERAL_CONVERSION = YES;
				CLANG_WARN_OBJC_ROOT_CLASS = YES_ERROR;
				CLANG_WARN_QUOTED_INCLUDE_IN_FRAMEWORK_HEADER = YES;
				CLANG_WARN_RANGE_LOOP_ANALYSIS = YES;
				CLANG_WARN_STRICT_PROTOTYPES = YES;
				CLANG_WARN_SUSPICIOUS_MOVE = YES;
				CLANG_WARN_UNGUARDED_AVAILABILITY = YES_AGGRESSIVE;
				CLANG_WARN_UNREACHABLE_CODE = YES;
				CLANG_WARN__DUPLICATE_METHOD_MATCH = YES;
				COPY_PHASE_STRIP = NO;
				DEAD_CODE_STRIPPING = YES;
				DEBUG_INFORMATION_FORMAT = dwarf;
				ENABLE_STRICT_OBJC_MSGSEND = YES;
				ENABLE_TESTABILITY = YES;
				ENABLE_USER_SCRIPT_SANDBOXING = YES;
				GCC_C_LANGUAGE_STANDARD = gnu17;
				GCC_DYNAMIC_NO_PIC = NO;
				GCC_NO_COMMON_BLOCKS = YES;
				GCC_OPTIMIZATION_LEVEL = 0;
				GCC_PREPROCESSOR_DEFINITIONS = (
					"DEBUG=1",
					"$(inherited)",
				);
				GCC_WARN_64_TO_32_BIT_CONVERSION = YES;
				GCC_WARN_ABOUT_RETURN_TYPE = YES_ERROR;
				GCC_WARN_UNDECLARED_SELECTOR = YES;
				GCC_WARN_UNINITIALIZED_AUTOS = YES_AGGRESSIVE;
				GCC_WARN_UNUSED_FUNCTION = YES;
				GCC_WARN_UNUSED_VARIABLE = YES;
				LOCALIZATION_PREFERS_STRING_CATALOGS = YES;
				MTL_ENABLE_DEBUG_INFO = INCLUDE_SOURCE;
				MTL_FAST_MATH = YES;
				ONLY_ACTIVE_ARCH = YES;
				SWIFT_ACTIVE_COMPILATION_CONDITIONS = "DEBUG $(inherited)";
				SWIFT_OPTIMIZATION_LEVEL = "-Onone";
				SWIFT_VERSION = 6.0;
			};
			name = Debug;
		};
		2EAE2C822B9DEAA200E04B01 /* Release */ = {
			isa = XCBuildConfiguration;
			buildSettings = {
				ALWAYS_SEARCH_USER_PATHS = NO;
				ASSETCATALOG_COMPILER_GENERATE_SWIFT_ASSET_SYMBOL_EXTENSIONS = YES;
				CLANG_ANALYZER_NONNULL = YES;
				CLANG_ANALYZER_NUMBER_OBJECT_CONVERSION = YES_AGGRESSIVE;
				CLANG_CXX_LANGUAGE_STANDARD = "gnu++20";
				CLANG_ENABLE_MODULES = YES;
				CLANG_ENABLE_OBJC_ARC = YES;
				CLANG_ENABLE_OBJC_WEAK = YES;
				CLANG_WARN_BLOCK_CAPTURE_AUTORELEASING = YES;
				CLANG_WARN_BOOL_CONVERSION = YES;
				CLANG_WARN_COMMA = YES;
				CLANG_WARN_CONSTANT_CONVERSION = YES;
				CLANG_WARN_DEPRECATED_OBJC_IMPLEMENTATIONS = YES;
				CLANG_WARN_DIRECT_OBJC_ISA_USAGE = YES_ERROR;
				CLANG_WARN_DOCUMENTATION_COMMENTS = YES;
				CLANG_WARN_EMPTY_BODY = YES;
				CLANG_WARN_ENUM_CONVERSION = YES;
				CLANG_WARN_INFINITE_RECURSION = YES;
				CLANG_WARN_INT_CONVERSION = YES;
				CLANG_WARN_NON_LITERAL_NULL_CONVERSION = YES;
				CLANG_WARN_OBJC_IMPLICIT_RETAIN_SELF = YES;
				CLANG_WARN_OBJC_LITERAL_CONVERSION = YES;
				CLANG_WARN_OBJC_ROOT_CLASS = YES_ERROR;
				CLANG_WARN_QUOTED_INCLUDE_IN_FRAMEWORK_HEADER = YES;
				CLANG_WARN_RANGE_LOOP_ANALYSIS = YES;
				CLANG_WARN_STRICT_PROTOTYPES = YES;
				CLANG_WARN_SUSPICIOUS_MOVE = YES;
				CLANG_WARN_UNGUARDED_AVAILABILITY = YES_AGGRESSIVE;
				CLANG_WARN_UNREACHABLE_CODE = YES;
				CLANG_WARN__DUPLICATE_METHOD_MATCH = YES;
				COPY_PHASE_STRIP = NO;
				DEAD_CODE_STRIPPING = YES;
				DEBUG_INFORMATION_FORMAT = "dwarf-with-dsym";
				ENABLE_NS_ASSERTIONS = NO;
				ENABLE_STRICT_OBJC_MSGSEND = YES;
				ENABLE_USER_SCRIPT_SANDBOXING = YES;
				GCC_C_LANGUAGE_STANDARD = gnu17;
				GCC_NO_COMMON_BLOCKS = YES;
				GCC_WARN_64_TO_32_BIT_CONVERSION = YES;
				GCC_WARN_ABOUT_RETURN_TYPE = YES_ERROR;
				GCC_WARN_UNDECLARED_SELECTOR = YES;
				GCC_WARN_UNINITIALIZED_AUTOS = YES_AGGRESSIVE;
				GCC_WARN_UNUSED_FUNCTION = YES;
				GCC_WARN_UNUSED_VARIABLE = YES;
				LOCALIZATION_PREFERS_STRING_CATALOGS = YES;
				MTL_ENABLE_DEBUG_INFO = NO;
				MTL_FAST_MATH = YES;
				SWIFT_COMPILATION_MODE = wholemodule;
				SWIFT_VERSION = 6.0;
			};
			name = Release;
		};
		2EAE2C842B9DEAA200E04B01 /* Debug */ = {
			isa = XCBuildConfiguration;
			buildSettings = {
				ASSETCATALOG_COMPILER_APPICON_NAME = AppIcon;
				ASSETCATALOG_COMPILER_GLOBAL_ACCENT_COLOR_NAME = AccentColor;
				CODE_SIGN_ENTITLEMENTS = RoutersDemo/RoutersDemo.entitlements;
				CODE_SIGN_STYLE = Manual;
				CURRENT_PROJECT_VERSION = 1;
				DEAD_CODE_STRIPPING = YES;
				DEVELOPMENT_ASSET_PATHS = "\"RoutersDemo/Preview Content\"";
				DEVELOPMENT_TEAM = "";
				ENABLE_PREVIEWS = YES;
				GENERATE_INFOPLIST_FILE = YES;
				INFOPLIST_KEY_CFBundleDisplayName = "Router Demo App";
				"INFOPLIST_KEY_UIApplicationSceneManifest_Generation[sdk=iphoneos*]" = YES;
				"INFOPLIST_KEY_UIApplicationSceneManifest_Generation[sdk=iphonesimulator*]" = YES;
				"INFOPLIST_KEY_UIApplicationSupportsIndirectInputEvents[sdk=iphoneos*]" = YES;
				"INFOPLIST_KEY_UIApplicationSupportsIndirectInputEvents[sdk=iphonesimulator*]" = YES;
				"INFOPLIST_KEY_UILaunchScreen_Generation[sdk=iphoneos*]" = YES;
				"INFOPLIST_KEY_UILaunchScreen_Generation[sdk=iphonesimulator*]" = YES;
				"INFOPLIST_KEY_UIStatusBarStyle[sdk=iphoneos*]" = UIStatusBarStyleDefault;
				"INFOPLIST_KEY_UIStatusBarStyle[sdk=iphonesimulator*]" = UIStatusBarStyleDefault;
				INFOPLIST_KEY_UISupportedInterfaceOrientations_iPad = "UIInterfaceOrientationPortrait UIInterfaceOrientationPortraitUpsideDown UIInterfaceOrientationLandscapeLeft UIInterfaceOrientationLandscapeRight";
				INFOPLIST_KEY_UISupportedInterfaceOrientations_iPhone = "UIInterfaceOrientationPortrait UIInterfaceOrientationLandscapeLeft UIInterfaceOrientationLandscapeRight";
				IPHONEOS_DEPLOYMENT_TARGET = 17.2;
				LD_RUNPATH_SEARCH_PATHS = "@executable_path/Frameworks";
				"LD_RUNPATH_SEARCH_PATHS[sdk=macosx*]" = "@executable_path/../Frameworks";
				MACOSX_DEPLOYMENT_TARGET = 14.0;
				MARKETING_VERSION = 1.0;
				PRODUCT_BUNDLE_IDENTIFIER = com.Fiverr.RoutersDemo.RoutersDemo;
				PRODUCT_NAME = "$(TARGET_NAME)";
				PROVISIONING_PROFILE_SPECIFIER = "";
				SDKROOT = auto;
				SUPPORTED_PLATFORMS = "iphoneos iphonesimulator";
				SUPPORTS_MACCATALYST = YES;
				SWIFT_EMIT_LOC_STRINGS = YES;
				SWIFT_VERSION = 6.0;
				TARGETED_DEVICE_FAMILY = "1,2,6";
			};
			name = Debug;
		};
		2EAE2C852B9DEAA200E04B01 /* Release */ = {
			isa = XCBuildConfiguration;
			buildSettings = {
				ASSETCATALOG_COMPILER_APPICON_NAME = AppIcon;
				ASSETCATALOG_COMPILER_GLOBAL_ACCENT_COLOR_NAME = AccentColor;
				CODE_SIGN_ENTITLEMENTS = RoutersDemo/RoutersDemo.entitlements;
				CODE_SIGN_STYLE = Manual;
				CURRENT_PROJECT_VERSION = 1;
				DEAD_CODE_STRIPPING = YES;
				DEVELOPMENT_ASSET_PATHS = "\"RoutersDemo/Preview Content\"";
				DEVELOPMENT_TEAM = "";
				ENABLE_PREVIEWS = YES;
				GENERATE_INFOPLIST_FILE = YES;
				INFOPLIST_KEY_CFBundleDisplayName = "Router Demo App";
				"INFOPLIST_KEY_UIApplicationSceneManifest_Generation[sdk=iphoneos*]" = YES;
				"INFOPLIST_KEY_UIApplicationSceneManifest_Generation[sdk=iphonesimulator*]" = YES;
				"INFOPLIST_KEY_UIApplicationSupportsIndirectInputEvents[sdk=iphoneos*]" = YES;
				"INFOPLIST_KEY_UIApplicationSupportsIndirectInputEvents[sdk=iphonesimulator*]" = YES;
				"INFOPLIST_KEY_UILaunchScreen_Generation[sdk=iphoneos*]" = YES;
				"INFOPLIST_KEY_UILaunchScreen_Generation[sdk=iphonesimulator*]" = YES;
				"INFOPLIST_KEY_UIStatusBarStyle[sdk=iphoneos*]" = UIStatusBarStyleDefault;
				"INFOPLIST_KEY_UIStatusBarStyle[sdk=iphonesimulator*]" = UIStatusBarStyleDefault;
				INFOPLIST_KEY_UISupportedInterfaceOrientations_iPad = "UIInterfaceOrientationPortrait UIInterfaceOrientationPortraitUpsideDown UIInterfaceOrientationLandscapeLeft UIInterfaceOrientationLandscapeRight";
				INFOPLIST_KEY_UISupportedInterfaceOrientations_iPhone = "UIInterfaceOrientationPortrait UIInterfaceOrientationLandscapeLeft UIInterfaceOrientationLandscapeRight";
				IPHONEOS_DEPLOYMENT_TARGET = 17.2;
				LD_RUNPATH_SEARCH_PATHS = "@executable_path/Frameworks";
				"LD_RUNPATH_SEARCH_PATHS[sdk=macosx*]" = "@executable_path/../Frameworks";
				MACOSX_DEPLOYMENT_TARGET = 14.0;
				MARKETING_VERSION = 1.0;
				PRODUCT_BUNDLE_IDENTIFIER = com.Fiverr.RoutersDemo.RoutersDemo;
				PRODUCT_NAME = "$(TARGET_NAME)";
				PROVISIONING_PROFILE_SPECIFIER = "";
				SDKROOT = auto;
				SUPPORTED_PLATFORMS = "iphoneos iphonesimulator";
				SUPPORTS_MACCATALYST = YES;
				SWIFT_EMIT_LOC_STRINGS = YES;
				SWIFT_VERSION = 6.0;
				TARGETED_DEVICE_FAMILY = "1,2,6";
			};
			name = Release;
		};
		2EAE2C872B9DEAA200E04B01 /* Debug */ = {
			isa = XCBuildConfiguration;
			buildSettings = {
				BUNDLE_LOADER = "$(TEST_HOST)";
				CODE_SIGN_STYLE = Automatic;
				CURRENT_PROJECT_VERSION = 1;
				DEAD_CODE_STRIPPING = YES;
				GENERATE_INFOPLIST_FILE = YES;
				IPHONEOS_DEPLOYMENT_TARGET = 17.2;
				MACOSX_DEPLOYMENT_TARGET = 14.0;
				MARKETING_VERSION = 1.0;
				PRODUCT_BUNDLE_IDENTIFIER = com.Fiverr.RoutersDemo.RoutersDemoTests;
				PRODUCT_NAME = "$(TARGET_NAME)";
				SDKROOT = auto;
				SUPPORTED_PLATFORMS = "iphoneos iphonesimulator macosx";
				SWIFT_EMIT_LOC_STRINGS = NO;
				SWIFT_VERSION = 5.0;
				TARGETED_DEVICE_FAMILY = "1,2";
				TEST_HOST = "$(BUILT_PRODUCTS_DIR)/RoutersDemo.app/$(BUNDLE_EXECUTABLE_FOLDER_PATH)/RoutersDemo";
			};
			name = Debug;
		};
		2EAE2C882B9DEAA200E04B01 /* Release */ = {
			isa = XCBuildConfiguration;
			buildSettings = {
				BUNDLE_LOADER = "$(TEST_HOST)";
				CODE_SIGN_STYLE = Automatic;
				CURRENT_PROJECT_VERSION = 1;
				DEAD_CODE_STRIPPING = YES;
				GENERATE_INFOPLIST_FILE = YES;
				IPHONEOS_DEPLOYMENT_TARGET = 17.2;
				MACOSX_DEPLOYMENT_TARGET = 14.0;
				MARKETING_VERSION = 1.0;
				PRODUCT_BUNDLE_IDENTIFIER = com.Fiverr.RoutersDemo.RoutersDemoTests;
				PRODUCT_NAME = "$(TARGET_NAME)";
				SDKROOT = auto;
				SUPPORTED_PLATFORMS = "iphoneos iphonesimulator macosx";
				SWIFT_EMIT_LOC_STRINGS = NO;
				SWIFT_VERSION = 5.0;
				TARGETED_DEVICE_FAMILY = "1,2";
				TEST_HOST = "$(BUILT_PRODUCTS_DIR)/RoutersDemo.app/$(BUNDLE_EXECUTABLE_FOLDER_PATH)/RoutersDemo";
			};
			name = Release;
		};
		2EAE2C8A2B9DEAA200E04B01 /* Debug */ = {
			isa = XCBuildConfiguration;
			buildSettings = {
				CODE_SIGN_STYLE = Automatic;
				CURRENT_PROJECT_VERSION = 1;
				DEAD_CODE_STRIPPING = YES;
				GENERATE_INFOPLIST_FILE = YES;
				IPHONEOS_DEPLOYMENT_TARGET = 17.2;
				MACOSX_DEPLOYMENT_TARGET = 14.0;
				MARKETING_VERSION = 1.0;
				PRODUCT_BUNDLE_IDENTIFIER = com.Fiverr.RoutersDemo.RoutersDemoUITests;
				PRODUCT_NAME = "$(TARGET_NAME)";
				SDKROOT = auto;
				SUPPORTED_PLATFORMS = "iphoneos iphonesimulator macosx";
				SWIFT_EMIT_LOC_STRINGS = NO;
				SWIFT_VERSION = 5.0;
				TARGETED_DEVICE_FAMILY = "1,2";
				TEST_TARGET_NAME = RoutersDemo;
			};
			name = Debug;
		};
		2EAE2C8B2B9DEAA200E04B01 /* Release */ = {
			isa = XCBuildConfiguration;
			buildSettings = {
				CODE_SIGN_STYLE = Automatic;
				CURRENT_PROJECT_VERSION = 1;
				DEAD_CODE_STRIPPING = YES;
				GENERATE_INFOPLIST_FILE = YES;
				IPHONEOS_DEPLOYMENT_TARGET = 17.2;
				MACOSX_DEPLOYMENT_TARGET = 14.0;
				MARKETING_VERSION = 1.0;
				PRODUCT_BUNDLE_IDENTIFIER = com.Fiverr.RoutersDemo.RoutersDemoUITests;
				PRODUCT_NAME = "$(TARGET_NAME)";
				SDKROOT = auto;
				SUPPORTED_PLATFORMS = "iphoneos iphonesimulator macosx";
				SWIFT_EMIT_LOC_STRINGS = NO;
				SWIFT_VERSION = 5.0;
				TARGETED_DEVICE_FAMILY = "1,2";
				TEST_TARGET_NAME = RoutersDemo;
			};
			name = Release;
		};
/* End XCBuildConfiguration section */

/* Begin XCConfigurationList section */
		2EAE2C592B9DEAA000E04B01 /* Build configuration list for PBXProject "RoutersDemo" */ = {
			isa = XCConfigurationList;
			buildConfigurations = (
				2EAE2C812B9DEAA200E04B01 /* Debug */,
				2EAE2C822B9DEAA200E04B01 /* Release */,
			);
			defaultConfigurationIsVisible = 0;
			defaultConfigurationName = Release;
		};
		2EAE2C832B9DEAA200E04B01 /* Build configuration list for PBXNativeTarget "RoutersDemo" */ = {
			isa = XCConfigurationList;
			buildConfigurations = (
				2EAE2C842B9DEAA200E04B01 /* Debug */,
				2EAE2C852B9DEAA200E04B01 /* Release */,
			);
			defaultConfigurationIsVisible = 0;
			defaultConfigurationName = Release;
		};
		2EAE2C862B9DEAA200E04B01 /* Build configuration list for PBXNativeTarget "RoutersDemoTests" */ = {
			isa = XCConfigurationList;
			buildConfigurations = (
				2EAE2C872B9DEAA200E04B01 /* Debug */,
				2EAE2C882B9DEAA200E04B01 /* Release */,
			);
			defaultConfigurationIsVisible = 0;
			defaultConfigurationName = Release;
		};
		2EAE2C892B9DEAA200E04B01 /* Build configuration list for PBXNativeTarget "RoutersDemoUITests" */ = {
			isa = XCConfigurationList;
			buildConfigurations = (
				2EAE2C8A2B9DEAA200E04B01 /* Debug */,
				2EAE2C8B2B9DEAA200E04B01 /* Release */,
			);
			defaultConfigurationIsVisible = 0;
			defaultConfigurationName = Release;
		};
/* End XCConfigurationList section */
	};
	rootObject = 2EAE2C562B9DEAA000E04B01 /* Project object */;
}
